
Microsoft Visual Studio Solution File, Format Version 12.00
# Visual Studio 15
VisualStudioVersion = 15.0.28307.757
MinimumVisualStudioVersion = 10.0.40219.1
Project("{FAE04EC0-301F-11D3-BF4B-00C04F79EFBC}") = "RandomWordGenerator", "RandomWordGenerator\RandomWordGenerator.csproj", "{C22448AC-DAF4-4CC3-BFDB-DDD57378A5AB}"
EndProject
Global
	GlobalSection(SolutionConfigurationPlatforms) = preSolution
		Debug|Any CPU = Debug|Any CPU
		Release|Any CPU = Release|Any CPU
	EndGlobalSection
	GlobalSection(ProjectConfigurationPlatforms) = postSolution
		{C22448AC-DAF4-4CC3-BFDB-DDD57378A5AB}.Debug|Any CPU.ActiveCfg = Debug|Any CPU
		{C22448AC-DAF4-4CC3-BFDB-DDD57378A5AB}.Debug|Any CPU.Build.0 = Debug|Any CPU
		{C22448AC-DAF4-4CC3-BFDB-DDD57378A5AB}.Release|Any CPU.ActiveCfg = Release|Any CPU
		{C22448AC-DAF4-4CC3-BFDB-DDD57378A5AB}.Release|Any CPU.Build.0 = Release|Any CPU
	EndGlobalSection
	GlobalSection(SolutionProperties) = preSolution
		HideSolutionNode = FALSE
	EndGlobalSection
	GlobalSection(ExtensibilityGlobals) = postSolution
		SolutionGuid = {C6B67DF5-82E3-4951-BD86-D3EDB8E7CA73}
	EndGlobalSection
EndGlobal
